
Microsoft Visual Studio Solution File, Format Version 12.00
# Visual Studio Version 16
VisualStudioVersion = 16.0.31410.357
MinimumVisualStudioVersion = 10.0.40219.1
Project("{FAE04EC0-301F-11D3-BF4B-00C04F79EFBC}") = "MobileApp.Android", "Frontend\MobileApp.Android\MobileApp.Android.csproj", "{61870624-F090-4E7E-9D3C-D8E1023886DC}"
EndProject
Project("{FAE04EC0-301F-11D3-BF4B-00C04F79EFBC}") = "MobileApp.iOS", "Frontend\MobileApp.iOS\MobileApp.iOS.csproj", "{8B64E2D5-3B3A-4109-A0E6-BDE254CCD0DD}"
EndProject
Project("{9A19103F-16F7-4668-BE54-9A1E7A4F7556}") = "MobileApp", "Frontend\MobileApp\MobileApp.csproj", "{F0C92772-725D-4740-95FD-0BAF69188858}"
EndProject
Project("{2150E333-8FDC-42A3-9474-1A3956D46DE8}") = "Solution Items", "Solution Items", "{6A0224F4-8A3F-43A0-9CBA-EBB8DBF0655F}"
	ProjectSection(SolutionItems) = preProject
		.editorconfig = .editorconfig
	EndProjectSection
EndProject
Project("{9A19103F-16F7-4668-BE54-9A1E7A4F7556}") = "MobileApp.BusinessLogic", "Backend\MobileApp.BusinessLogic\MobileApp.BusinessLogic.csproj", "{23CC4AB5-AE79-4667-8EE7-8C458BAC0C36}"
EndProject
Project("{9A19103F-16F7-4668-BE54-9A1E7A4F7556}") = "MobileApp.Common", "Common\MobileApp.Common\MobileApp.Common.csproj", "{BDA253B5-9BDC-4842-864C-2CC071623A7F}"
EndProject
Project("{9A19103F-16F7-4668-BE54-9A1E7A4F7556}") = "MobileApp.DataAccess", "Backend\MobileApp.DataAccess\MobileApp.DataAccess.csproj", "{C66E4F20-F436-4F54-A449-280A475A1321}"
EndProject
Project("{2150E333-8FDC-42A3-9474-1A3956D46DE8}") = "Frontend", "Frontend", "{B6AC0BB1-0998-4138-BB17-0A46E6998EF1}"
EndProject
Project("{2150E333-8FDC-42A3-9474-1A3956D46DE8}") = "Backend", "Backend", "{C0464FDF-7DBA-4C8A-B7F9-E32647922E29}"
EndProject
Project("{2150E333-8FDC-42A3-9474-1A3956D46DE8}") = "Common", "Common", "{1A7032EB-330A-49A2-8AD3-5CAFCD1C2513}"
EndProject
Project("{2150E333-8FDC-42A3-9474-1A3956D46DE8}") = "Tests", "Tests", "{AC4F0B42-344C-4A8B-91D8-34CBC4E8D2AA}"
EndProject
Project("{9A19103F-16F7-4668-BE54-9A1E7A4F7556}") = "BasestationStressTest", "Tests\BasestationStressTest\BasestationStressTest.csproj", "{18BA8F6F-CAA8-43E7-A5A5-28C83CF6EA77}"
EndProject
Project("{9A19103F-16F7-4668-BE54-9A1E7A4F7556}") = "MobileApp.DI", "Common\MobileApp.DI\MobileApp.DI.csproj", "{C99291E7-4850-469C-AF58-0EE53CCD9829}"
EndProject
Project("{9A19103F-16F7-4668-BE54-9A1E7A4F7556}") = "ExternalServerTest", "Tests\ExternalServerTest\ExternalServerTest.csproj", "{B7993A6C-6653-428A-8C87-42C27010F483}"
EndProject
Project("{FAE04EC0-301F-11D3-BF4B-00C04F79EFBC}") = "BasestationCommandManagerTest", "Tests\BasestationCommandManagerTest\BasestationCommandManagerTest.csproj", "{338310C6-9B34-4237-893C-DCC769D6C1BE}"
EndProject
Global
	GlobalSection(SolutionConfigurationPlatforms) = preSolution
		Debug|Any CPU = Debug|Any CPU
		Debug|iPhone = Debug|iPhone
		Debug|iPhoneSimulator = Debug|iPhoneSimulator
		Release|Any CPU = Release|Any CPU
		Release|iPhone = Release|iPhone
		Release|iPhoneSimulator = Release|iPhoneSimulator
	EndGlobalSection
	GlobalSection(ProjectConfigurationPlatforms) = postSolution
		{61870624-F090-4E7E-9D3C-D8E1023886DC}.Debug|Any CPU.ActiveCfg = Debug|Any CPU
		{61870624-F090-4E7E-9D3C-D8E1023886DC}.Debug|Any CPU.Build.0 = Debug|Any CPU
		{61870624-F090-4E7E-9D3C-D8E1023886DC}.Debug|Any CPU.Deploy.0 = Debug|Any CPU
		{61870624-F090-4E7E-9D3C-D8E1023886DC}.Debug|iPhone.ActiveCfg = Debug|Any CPU
		{61870624-F090-4E7E-9D3C-D8E1023886DC}.Debug|iPhone.Build.0 = Debug|Any CPU
		{61870624-F090-4E7E-9D3C-D8E1023886DC}.Debug|iPhone.Deploy.0 = Debug|Any CPU
		{61870624-F090-4E7E-9D3C-D8E1023886DC}.Debug|iPhoneSimulator.ActiveCfg = Debug|Any CPU
		{61870624-F090-4E7E-9D3C-D8E1023886DC}.Debug|iPhoneSimulator.Build.0 = Debug|Any CPU
		{61870624-F090-4E7E-9D3C-D8E1023886DC}.Debug|iPhoneSimulator.Deploy.0 = Debug|Any CPU
		{61870624-F090-4E7E-9D3C-D8E1023886DC}.Release|Any CPU.ActiveCfg = Release|Any CPU
		{61870624-F090-4E7E-9D3C-D8E1023886DC}.Release|Any CPU.Build.0 = Release|Any CPU
		{61870624-F090-4E7E-9D3C-D8E1023886DC}.Release|Any CPU.Deploy.0 = Release|Any CPU
		{61870624-F090-4E7E-9D3C-D8E1023886DC}.Release|iPhone.ActiveCfg = Release|Any CPU
		{61870624-F090-4E7E-9D3C-D8E1023886DC}.Release|iPhone.Build.0 = Release|Any CPU
		{61870624-F090-4E7E-9D3C-D8E1023886DC}.Release|iPhone.Deploy.0 = Release|Any CPU
		{61870624-F090-4E7E-9D3C-D8E1023886DC}.Release|iPhoneSimulator.ActiveCfg = Release|Any CPU
		{61870624-F090-4E7E-9D3C-D8E1023886DC}.Release|iPhoneSimulator.Build.0 = Release|Any CPU
		{61870624-F090-4E7E-9D3C-D8E1023886DC}.Release|iPhoneSimulator.Deploy.0 = Release|Any CPU
		{8B64E2D5-3B3A-4109-A0E6-BDE254CCD0DD}.Debug|Any CPU.ActiveCfg = Debug|iPhone
		{8B64E2D5-3B3A-4109-A0E6-BDE254CCD0DD}.Debug|Any CPU.Build.0 = Debug|iPhone
		{8B64E2D5-3B3A-4109-A0E6-BDE254CCD0DD}.Debug|Any CPU.Deploy.0 = Debug|iPhone
		{8B64E2D5-3B3A-4109-A0E6-BDE254CCD0DD}.Debug|iPhone.ActiveCfg = Debug|iPhone
		{8B64E2D5-3B3A-4109-A0E6-BDE254CCD0DD}.Debug|iPhone.Build.0 = Debug|iPhone
		{8B64E2D5-3B3A-4109-A0E6-BDE254CCD0DD}.Debug|iPhone.Deploy.0 = Debug|iPhone
		{8B64E2D5-3B3A-4109-A0E6-BDE254CCD0DD}.Debug|iPhoneSimulator.ActiveCfg = Debug|iPhoneSimulator
		{8B64E2D5-3B3A-4109-A0E6-BDE254CCD0DD}.Debug|iPhoneSimulator.Build.0 = Debug|iPhoneSimulator
		{8B64E2D5-3B3A-4109-A0E6-BDE254CCD0DD}.Debug|iPhoneSimulator.Deploy.0 = Debug|iPhoneSimulator
		{8B64E2D5-3B3A-4109-A0E6-BDE254CCD0DD}.Release|Any CPU.ActiveCfg = Release|iPhoneSimulator
		{8B64E2D5-3B3A-4109-A0E6-BDE254CCD0DD}.Release|Any CPU.Build.0 = Release|iPhoneSimulator
		{8B64E2D5-3B3A-4109-A0E6-BDE254CCD0DD}.Release|Any CPU.Deploy.0 = Release|iPhoneSimulator
		{8B64E2D5-3B3A-4109-A0E6-BDE254CCD0DD}.Release|iPhone.ActiveCfg = Release|iPhone
		{8B64E2D5-3B3A-4109-A0E6-BDE254CCD0DD}.Release|iPhone.Build.0 = Release|iPhone
		{8B64E2D5-3B3A-4109-A0E6-BDE254CCD0DD}.Release|iPhone.Deploy.0 = Release|iPhone
		{8B64E2D5-3B3A-4109-A0E6-BDE254CCD0DD}.Release|iPhoneSimulator.ActiveCfg = Release|iPhoneSimulator
		{8B64E2D5-3B3A-4109-A0E6-BDE254CCD0DD}.Release|iPhoneSimulator.Build.0 = Release|iPhoneSimulator
		{8B64E2D5-3B3A-4109-A0E6-BDE254CCD0DD}.Release|iPhoneSimulator.Deploy.0 = Release|iPhoneSimulator
		{F0C92772-725D-4740-95FD-0BAF69188858}.Debug|Any CPU.ActiveCfg = Debug|Any CPU
		{F0C92772-725D-4740-95FD-0BAF69188858}.Debug|Any CPU.Build.0 = Debug|Any CPU
		{F0C92772-725D-4740-95FD-0BAF69188858}.Debug|Any CPU.Deploy.0 = Debug|Any CPU
		{F0C92772-725D-4740-95FD-0BAF69188858}.Debug|iPhone.ActiveCfg = Debug|Any CPU
		{F0C92772-725D-4740-95FD-0BAF69188858}.Debug|iPhone.Build.0 = Debug|Any CPU
		{F0C92772-725D-4740-95FD-0BAF69188858}.Debug|iPhone.Deploy.0 = Debug|Any CPU
		{F0C92772-725D-4740-95FD-0BAF69188858}.Debug|iPhoneSimulator.ActiveCfg = Debug|Any CPU
		{F0C92772-725D-4740-95FD-0BAF69188858}.Debug|iPhoneSimulator.Build.0 = Debug|Any CPU
		{F0C92772-725D-4740-95FD-0BAF69188858}.Debug|iPhoneSimulator.Deploy.0 = Debug|Any CPU
		{F0C92772-725D-4740-95FD-0BAF69188858}.Release|Any CPU.ActiveCfg = Release|Any CPU
		{F0C92772-725D-4740-95FD-0BAF69188858}.Release|Any CPU.Build.0 = Release|Any CPU
		{F0C92772-725D-4740-95FD-0BAF69188858}.Release|Any CPU.Deploy.0 = Release|Any CPU
		{F0C92772-725D-4740-95FD-0BAF69188858}.Release|iPhone.ActiveCfg = Release|Any CPU
		{F0C92772-725D-4740-95FD-0BAF69188858}.Release|iPhone.Build.0 = Release|Any CPU
		{F0C92772-725D-4740-95FD-0BAF69188858}.Release|iPhone.Deploy.0 = Release|Any CPU
		{F0C92772-725D-4740-95FD-0BAF69188858}.Release|iPhoneSimulator.ActiveCfg = Release|Any CPU
		{F0C92772-725D-4740-95FD-0BAF69188858}.Release|iPhoneSimulator.Build.0 = Release|Any CPU
		{F0C92772-725D-4740-95FD-0BAF69188858}.Release|iPhoneSimulator.Deploy.0 = Release|Any CPU
		{23CC4AB5-AE79-4667-8EE7-8C458BAC0C36}.Debug|Any CPU.ActiveCfg = Debug|Any CPU
		{23CC4AB5-AE79-4667-8EE7-8C458BAC0C36}.Debug|Any CPU.Build.0 = Debug|Any CPU
		{23CC4AB5-AE79-4667-8EE7-8C458BAC0C36}.Debug|iPhone.ActiveCfg = Debug|Any CPU
		{23CC4AB5-AE79-4667-8EE7-8C458BAC0C36}.Debug|iPhone.Build.0 = Debug|Any CPU
		{23CC4AB5-AE79-4667-8EE7-8C458BAC0C36}.Debug|iPhoneSimulator.ActiveCfg = Debug|Any CPU
		{23CC4AB5-AE79-4667-8EE7-8C458BAC0C36}.Debug|iPhoneSimulator.Build.0 = Debug|Any CPU
		{23CC4AB5-AE79-4667-8EE7-8C458BAC0C36}.Release|Any CPU.ActiveCfg = Release|Any CPU
		{23CC4AB5-AE79-4667-8EE7-8C458BAC0C36}.Release|Any CPU.Build.0 = Release|Any CPU
		{23CC4AB5-AE79-4667-8EE7-8C458BAC0C36}.Release|iPhone.ActiveCfg = Release|Any CPU
		{23CC4AB5-AE79-4667-8EE7-8C458BAC0C36}.Release|iPhone.Build.0 = Release|Any CPU
		{23CC4AB5-AE79-4667-8EE7-8C458BAC0C36}.Release|iPhoneSimulator.ActiveCfg = Release|Any CPU
		{23CC4AB5-AE79-4667-8EE7-8C458BAC0C36}.Release|iPhoneSimulator.Build.0 = Release|Any CPU
		{BDA253B5-9BDC-4842-864C-2CC071623A7F}.Debug|Any CPU.ActiveCfg = Debug|Any CPU
		{BDA253B5-9BDC-4842-864C-2CC071623A7F}.Debug|Any CPU.Build.0 = Debug|Any CPU
		{BDA253B5-9BDC-4842-864C-2CC071623A7F}.Debug|iPhone.ActiveCfg = Debug|Any CPU
		{BDA253B5-9BDC-4842-864C-2CC071623A7F}.Debug|iPhone.Build.0 = Debug|Any CPU
		{BDA253B5-9BDC-4842-864C-2CC071623A7F}.Debug|iPhoneSimulator.ActiveCfg = Debug|Any CPU
		{BDA253B5-9BDC-4842-864C-2CC071623A7F}.Debug|iPhoneSimulator.Build.0 = Debug|Any CPU
		{BDA253B5-9BDC-4842-864C-2CC071623A7F}.Release|Any CPU.ActiveCfg = Release|Any CPU
		{BDA253B5-9BDC-4842-864C-2CC071623A7F}.Release|Any CPU.Build.0 = Release|Any CPU
		{BDA253B5-9BDC-4842-864C-2CC071623A7F}.Release|iPhone.ActiveCfg = Release|Any CPU
		{BDA253B5-9BDC-4842-864C-2CC071623A7F}.Release|iPhone.Build.0 = Release|Any CPU
		{BDA253B5-9BDC-4842-864C-2CC071623A7F}.Release|iPhoneSimulator.ActiveCfg = Release|Any CPU
		{BDA253B5-9BDC-4842-864C-2CC071623A7F}.Release|iPhoneSimulator.Build.0 = Release|Any CPU
		{C66E4F20-F436-4F54-A449-280A475A1321}.Debug|Any CPU.ActiveCfg = Debug|Any CPU
		{C66E4F20-F436-4F54-A449-280A475A1321}.Debug|Any CPU.Build.0 = Debug|Any CPU
		{C66E4F20-F436-4F54-A449-280A475A1321}.Debug|iPhone.ActiveCfg = Debug|Any CPU
		{C66E4F20-F436-4F54-A449-280A475A1321}.Debug|iPhone.Build.0 = Debug|Any CPU
		{C66E4F20-F436-4F54-A449-280A475A1321}.Debug|iPhoneSimulator.ActiveCfg = Debug|Any CPU
		{C66E4F20-F436-4F54-A449-280A475A1321}.Debug|iPhoneSimulator.Build.0 = Debug|Any CPU
		{C66E4F20-F436-4F54-A449-280A475A1321}.Release|Any CPU.ActiveCfg = Release|Any CPU
		{C66E4F20-F436-4F54-A449-280A475A1321}.Release|Any CPU.Build.0 = Release|Any CPU
		{C66E4F20-F436-4F54-A449-280A475A1321}.Release|iPhone.ActiveCfg = Release|Any CPU
		{C66E4F20-F436-4F54-A449-280A475A1321}.Release|iPhone.Build.0 = Release|Any CPU
		{C66E4F20-F436-4F54-A449-280A475A1321}.Release|iPhoneSimulator.ActiveCfg = Release|Any CPU
		{C66E4F20-F436-4F54-A449-280A475A1321}.Release|iPhoneSimulator.Build.0 = Release|Any CPU
		{18BA8F6F-CAA8-43E7-A5A5-28C83CF6EA77}.Debug|Any CPU.ActiveCfg = Debug|Any CPU
		{18BA8F6F-CAA8-43E7-A5A5-28C83CF6EA77}.Debug|Any CPU.Build.0 = Debug|Any CPU
		{18BA8F6F-CAA8-43E7-A5A5-28C83CF6EA77}.Debug|iPhone.ActiveCfg = Debug|Any CPU
		{18BA8F6F-CAA8-43E7-A5A5-28C83CF6EA77}.Debug|iPhone.Build.0 = Debug|Any CPU
		{18BA8F6F-CAA8-43E7-A5A5-28C83CF6EA77}.Debug|iPhoneSimulator.ActiveCfg = Debug|Any CPU
		{18BA8F6F-CAA8-43E7-A5A5-28C83CF6EA77}.Debug|iPhoneSimulator.Build.0 = Debug|Any CPU
		{18BA8F6F-CAA8-43E7-A5A5-28C83CF6EA77}.Release|Any CPU.ActiveCfg = Release|Any CPU
		{18BA8F6F-CAA8-43E7-A5A5-28C83CF6EA77}.Release|Any CPU.Build.0 = Release|Any CPU
		{18BA8F6F-CAA8-43E7-A5A5-28C83CF6EA77}.Release|iPhone.ActiveCfg = Release|Any CPU
		{18BA8F6F-CAA8-43E7-A5A5-28C83CF6EA77}.Release|iPhone.Build.0 = Release|Any CPU
		{18BA8F6F-CAA8-43E7-A5A5-28C83CF6EA77}.Release|iPhoneSimulator.ActiveCfg = Release|Any CPU
		{18BA8F6F-CAA8-43E7-A5A5-28C83CF6EA77}.Release|iPhoneSimulator.Build.0 = Release|Any CPU
		{C99291E7-4850-469C-AF58-0EE53CCD9829}.Debug|Any CPU.ActiveCfg = Debug|Any CPU
		{C99291E7-4850-469C-AF58-0EE53CCD9829}.Debug|Any CPU.Build.0 = Debug|Any CPU
		{C99291E7-4850-469C-AF58-0EE53CCD9829}.Debug|iPhone.ActiveCfg = Debug|Any CPU
		{C99291E7-4850-469C-AF58-0EE53CCD9829}.Debug|iPhone.Build.0 = Debug|Any CPU
		{C99291E7-4850-469C-AF58-0EE53CCD9829}.Debug|iPhoneSimulator.ActiveCfg = Debug|Any CPU
		{C99291E7-4850-469C-AF58-0EE53CCD9829}.Debug|iPhoneSimulator.Build.0 = Debug|Any CPU
		{C99291E7-4850-469C-AF58-0EE53CCD9829}.Release|Any CPU.ActiveCfg = Release|Any CPU
		{C99291E7-4850-469C-AF58-0EE53CCD9829}.Release|Any CPU.Build.0 = Release|Any CPU
		{C99291E7-4850-469C-AF58-0EE53CCD9829}.Release|iPhone.ActiveCfg = Release|Any CPU
		{C99291E7-4850-469C-AF58-0EE53CCD9829}.Release|iPhone.Build.0 = Release|Any CPU
		{C99291E7-4850-469C-AF58-0EE53CCD9829}.Release|iPhoneSimulator.ActiveCfg = Release|Any CPU
		{C99291E7-4850-469C-AF58-0EE53CCD9829}.Release|iPhoneSimulator.Build.0 = Release|Any CPU
		{B7993A6C-6653-428A-8C87-42C27010F483}.Debug|Any CPU.ActiveCfg = Debug|Any CPU
		{B7993A6C-6653-428A-8C87-42C27010F483}.Debug|Any CPU.Build.0 = Debug|Any CPU
		{B7993A6C-6653-428A-8C87-42C27010F483}.Debug|iPhone.ActiveCfg = Debug|Any CPU
		{B7993A6C-6653-428A-8C87-42C27010F483}.Debug|iPhone.Build.0 = Debug|Any CPU
		{B7993A6C-6653-428A-8C87-42C27010F483}.Debug|iPhoneSimulator.ActiveCfg = Debug|Any CPU
		{B7993A6C-6653-428A-8C87-42C27010F483}.Debug|iPhoneSimulator.Build.0 = Debug|Any CPU
		{B7993A6C-6653-428A-8C87-42C27010F483}.Release|Any CPU.ActiveCfg = Release|Any CPU
		{B7993A6C-6653-428A-8C87-42C27010F483}.Release|Any CPU.Build.0 = Release|Any CPU
		{B7993A6C-6653-428A-8C87-42C27010F483}.Release|iPhone.ActiveCfg = Release|Any CPU
		{B7993A6C-6653-428A-8C87-42C27010F483}.Release|iPhone.Build.0 = Release|Any CPU
		{B7993A6C-6653-428A-8C87-42C27010F483}.Release|iPhoneSimulator.ActiveCfg = Release|Any CPU
		{B7993A6C-6653-428A-8C87-42C27010F483}.Release|iPhoneSimulator.Build.0 = Release|Any CPU
		{338310C6-9B34-4237-893C-DCC769D6C1BE}.Debug|Any CPU.ActiveCfg = Debug|Any CPU
		{338310C6-9B34-4237-893C-DCC769D6C1BE}.Debug|Any CPU.Build.0 = Debug|Any CPU
		{338310C6-9B34-4237-893C-DCC769D6C1BE}.Debug|iPhone.ActiveCfg = Debug|Any CPU
		{338310C6-9B34-4237-893C-DCC769D6C1BE}.Debug|iPhone.Build.0 = Debug|Any CPU
		{338310C6-9B34-4237-893C-DCC769D6C1BE}.Debug|iPhoneSimulator.ActiveCfg = Debug|Any CPU
		{338310C6-9B34-4237-893C-DCC769D6C1BE}.Debug|iPhoneSimulator.Build.0 = Debug|Any CPU
		{338310C6-9B34-4237-893C-DCC769D6C1BE}.Release|Any CPU.ActiveCfg = Release|Any CPU
		{338310C6-9B34-4237-893C-DCC769D6C1BE}.Release|Any CPU.Build.0 = Release|Any CPU
		{338310C6-9B34-4237-893C-DCC769D6C1BE}.Release|iPhone.ActiveCfg = Release|Any CPU
		{338310C6-9B34-4237-893C-DCC769D6C1BE}.Release|iPhone.Build.0 = Release|Any CPU
		{338310C6-9B34-4237-893C-DCC769D6C1BE}.Release|iPhoneSimulator.ActiveCfg = Release|Any CPU
		{338310C6-9B34-4237-893C-DCC769D6C1BE}.Release|iPhoneSimulator.Build.0 = Release|Any CPU
	EndGlobalSection
	GlobalSection(SolutionProperties) = preSolution
		HideSolutionNode = FALSE
	EndGlobalSection
	GlobalSection(NestedProjects) = preSolution
		{61870624-F090-4E7E-9D3C-D8E1023886DC} = {B6AC0BB1-0998-4138-BB17-0A46E6998EF1}
		{8B64E2D5-3B3A-4109-A0E6-BDE254CCD0DD} = {B6AC0BB1-0998-4138-BB17-0A46E6998EF1}
		{F0C92772-725D-4740-95FD-0BAF69188858} = {B6AC0BB1-0998-4138-BB17-0A46E6998EF1}
		{23CC4AB5-AE79-4667-8EE7-8C458BAC0C36} = {C0464FDF-7DBA-4C8A-B7F9-E32647922E29}
		{BDA253B5-9BDC-4842-864C-2CC071623A7F} = {1A7032EB-330A-49A2-8AD3-5CAFCD1C2513}
		{C66E4F20-F436-4F54-A449-280A475A1321} = {C0464FDF-7DBA-4C8A-B7F9-E32647922E29}
		{18BA8F6F-CAA8-43E7-A5A5-28C83CF6EA77} = {AC4F0B42-344C-4A8B-91D8-34CBC4E8D2AA}
		{C99291E7-4850-469C-AF58-0EE53CCD9829} = {1A7032EB-330A-49A2-8AD3-5CAFCD1C2513}
		{B7993A6C-6653-428A-8C87-42C27010F483} = {AC4F0B42-344C-4A8B-91D8-34CBC4E8D2AA}
		{338310C6-9B34-4237-893C-DCC769D6C1BE} = {AC4F0B42-344C-4A8B-91D8-34CBC4E8D2AA}
	EndGlobalSection
	GlobalSection(ExtensibilityGlobals) = postSolution
		SolutionGuid = {45FA4B9C-1B85-4837-B4DD-0A756703E365}
	EndGlobalSection
EndGlobal
